Microsoft Visual Studio Solution File, Format Version 12.00
# Visual Studio 14
Project("{8BC9CEB8-8B4A-11D0-8D11-00A0C91BC942}") = "4klang", "Go4kVSTi.vcxproj", "{107757EA-2FE1-4C5E-964F-DE7E482E253F}"
EndProject
Project("{D3783134-2AE6-4F36-A599-989377222068}") = "4klang2", "Go4kVSTi2.vcxproj", "{FA790F08-0B8E-43D9-A4B4-519AB01B820C}"
EndProject
Global
	GlobalSection(SolutionConfigurationPlatforms) = preSolution
		Debug|Win32 = Debug|Win32
		Release|Win32 = Release|Win32
	EndGlobalSection
	GlobalSection(ProjectConfigurationPlatforms) = postSolution
		{107757EA-2FE1-4C5E-964F-DE7E482E253F}.Debug|Win32.ActiveCfg = Debug|Win32
		{107757EA-2FE1-4C5E-964F-DE7E482E253F}.Debug|Win32.Build.0 = Debug|Win32
		{107757EA-2FE1-4C5E-964F-DE7E482E253F}.Release|Win32.ActiveCfg = Release|Win32
		{107757EA-2FE1-4C5E-964F-DE7E482E253F}.Release|Win32.Build.0 = Release|Win32
		{FA790F08-0B8E-43D9-A4B4-519AB01B820C}.Debug|Win32.ActiveCfg = Debug|Win32
		{FA790F08-0B8E-43D9-A4B4-519AB01B820C}.Debug|Win32.Build.0 = Debug|Win32
		{FA790F08-0B8E-43D9-A4B4-519AB01B820C}.Release|Win32.ActiveCfg = Release|Win32
		{FA790F08-0B8E-43D9-A4B4-519AB01B820C}.Release|Win32.Build.0 = Release|Win32
	EndGlobalSection
	GlobalSection(SolutionProperties) = preSolution
		HideSolutionNode = FALSE
	EndGlobalSection
EndGlobal
