Microsoft Visual Studio Solution File, Format Version 10.00
# Visual Studio 2008
Project("{8BC9CEB8-8B4A-11D0-8D11-00A0C91BC942}") = "4klang", "Go4kVSTi.vcproj", "{107757EA-2FE1-4C5E-964F-DE7E482E253F}"
EndProject
Global
	GlobalSection(SolutionConfigurationPlatforms) = preSolution
		Debug|Win32 = Debug|Win32
		Release|Win32 = Release|Win32
	EndGlobalSection
	GlobalSection(ProjectConfigurationPlatforms) = postSolution
		{107757EA-2FE1-4C5E-964F-DE7E482E253F}.Debug|Win32.ActiveCfg = Debug|Win32
		{107757EA-2FE1-4C5E-964F-DE7E482E253F}.Debug|Win32.Build.0 = Debug|Win32
		{107757EA-2FE1-4C5E-964F-DE7E482E253F}.Release|Win32.ActiveCfg = Release|Win32
		{107757EA-2FE1-4C5E-964F-DE7E482E253F}.Release|Win32.Build.0 = Release|Win32
	EndGlobalSection
	GlobalSection(SolutionProperties) = preSolution
		HideSolutionNode = FALSE
	EndGlobalSection
EndGlobal
