<?xml version="1.0" encoding="utf-8"?>
<Project ToolsVersion="4.0" xmlns="http://schemas.microsoft.com/developer/msbuild/2003">
  <ItemGroup>
    <Filter Include="Source Files">
      <UniqueIdentifier>{1cf4fa67-2860-48e5-9e8b-29b87a918b97}</UniqueIdentifier>
      <Extensions>cpp;c;cxx;rc;def;r;odl;idl;hpj;bat</Extensions>
    </Filter>
    <Filter Include="Header Files">
      <UniqueIdentifier>{8c759cfb-040e-43f2-a0c5-3f00eb100142}</UniqueIdentifier>
      <Extensions>h;hpp;hxx;hm;inl</Extensions>
    </Filter>
  </ItemGroup>
  <ItemGroup>
    <ClCompile Include="..\source\common\AudioEffect.cpp">
      <Filter>Source Files</Filter>
    </ClCompile>
    <ClCompile Include="..\source\common\audioeffectx.cpp">
      <Filter>Source Files</Filter>
    </ClCompile>
    <ClCompile Include="..\source\GoSynth\Go4kVSTi.cpp">
      <Filter>Source Files</Filter>
    </ClCompile>
    <ClCompile Include="..\source\GoSynth\Go4kVSTiCore.cpp">
      <Filter>Source Files</Filter>
    </ClCompile>
    <ClCompile Include="..\source\GoSynth\Go4kVSTiGUI.cpp">
      <Filter>Source Files</Filter>
    </ClCompile>
    <ClCompile Include="..\source\GoSynth\Go4kVSTimain.cpp">
      <Filter>Source Files</Filter>
    </ClCompile>
    <ClCompile Include="..\source\GoSynth\Go4kVSTiproc.cpp">
      <Filter>Source Files</Filter>
    </ClCompile>
  </ItemGroup>
  <ItemGroup>
    <ResourceCompile Include="Go4kVSTi.rc">
      <Filter>Source Files</Filter>
    </ResourceCompile>
  </ItemGroup>
  <ItemGroup>
    <ClInclude Include="..\source\common\AEffect.h">
      <Filter>Header Files</Filter>
    </ClInclude>
    <ClInclude Include="..\source\common\aeffectx.h">
      <Filter>Header Files</Filter>
    </ClInclude>
    <ClInclude Include="..\source\common\AEffEditor.hpp">
      <Filter>Header Files</Filter>
    </ClInclude>
    <ClInclude Include="..\source\common\AudioEffect.hpp">
      <Filter>Header Files</Filter>
    </ClInclude>
    <ClInclude Include="..\source\common\audioeffectx.h">
      <Filter>Header Files</Filter>
    </ClInclude>
    <ClInclude Include="..\source\GoSynth\Go4kVSTi.h">
      <Filter>Header Files</Filter>
    </ClInclude>
    <ClInclude Include="..\source\GoSynth\Go4kVSTiCore.h">
      <Filter>Header Files</Filter>
    </ClInclude>
    <ClInclude Include="..\source\GoSynth\Go4kVSTiGUI.h">
      <Filter>Header Files</Filter>
    </ClInclude>
    <ClInclude Include="resource.h">
      <Filter>Header Files</Filter>
    </ClInclude>
  </ItemGroup>
  <ItemGroup>
    <None Include="4klang.bin" />
    <None Include="4klang.inc" />
    <None Include="nasmw.bin" />
  </ItemGroup>
  <ItemGroup>
    <YASM Include="4klang.asm" />
  </ItemGroup>
</Project>